
Microsoft Visual Studio Solution File, Format Version 12.00
# Visual Studio Version 17
VisualStudioVersion = 17.4.33110.190
MinimumVisualStudioVersion = 10.0.40219.1
Project("{FAE04EC0-301F-11D3-BF4B-00C04F79EFBC}") = "DatabazeSEM", "DatabazeSEM\DatabazeSEM.csproj", "{084D6DFD-AF91-4B6B-B179-2A3F0672ECC5}"
EndProject
Global
	GlobalSection(SolutionConfigurationPlatforms) = preSolution
		Debug|Any CPU = Debug|Any CPU
		Release|Any CPU = Release|Any CPU
	EndGlobalSection
	GlobalSection(ProjectConfigurationPlatforms) = postSolution
		{084D6DFD-AF91-4B6B-B179-2A3F0672ECC5}.Debug|Any CPU.ActiveCfg = Debug|Any CPU
		{084D6DFD-AF91-4B6B-B179-2A3F0672ECC5}.Debug|Any CPU.Build.0 = Debug|Any CPU
		{084D6DFD-AF91-4B6B-B179-2A3F0672ECC5}.Release|Any CPU.ActiveCfg = Release|Any CPU
		{084D6DFD-AF91-4B6B-B179-2A3F0672ECC5}.Release|Any CPU.Build.0 = Release|Any CPU
	EndGlobalSection
	GlobalSection(SolutionProperties) = preSolution
		HideSolutionNode = FALSE
	EndGlobalSection
	GlobalSection(ExtensibilityGlobals) = postSolution
		SolutionGuid = {3282EAEB-6AE5-401E-8AFD-4266459B9322}
	EndGlobalSection
EndGlobal
